
Microsoft Visual Studio Solution File, Format Version 12.00
# Visual Studio Version 16
VisualStudioVersion = 16.0.31424.327
MinimumVisualStudioVersion = 10.0.40219.1
Project("{9A19103F-16F7-4668-BE54-9A1E7A4F7556}") = "learn.az.redis.cache.lib", "learn.az.redis.cache.lib\learn.az.redis.cache.lib.csproj", "{0538572C-E3A7-4F4D-B415-E19B3DE81035}"
EndProject
Project("{9A19103F-16F7-4668-BE54-9A1E7A4F7556}") = "learn.az.redis.cache.api", "learn.az.redis.cache.api\learn.az.redis.cache.api.csproj", "{074BF927-0FDF-4361-8F98-66450B2B6CC3}"
EndProject
Project("{2150E333-8FDC-42A3-9474-1A3956D46DE8}") = "redis.cache", "redis.cache", "{346921EA-C724-4A46-8EC1-BBFFD568A5C7}"
EndProject
Global
	GlobalSection(SolutionConfigurationPlatforms) = preSolution
		Debug|Any CPU = Debug|Any CPU
		Release|Any CPU = Release|Any CPU
	EndGlobalSection
	GlobalSection(ProjectConfigurationPlatforms) = postSolution
		{0538572C-E3A7-4F4D-B415-E19B3DE81035}.Debug|Any CPU.ActiveCfg = Debug|Any CPU
		{0538572C-E3A7-4F4D-B415-E19B3DE81035}.Debug|Any CPU.Build.0 = Debug|Any CPU
		{0538572C-E3A7-4F4D-B415-E19B3DE81035}.Release|Any CPU.ActiveCfg = Release|Any CPU
		{0538572C-E3A7-4F4D-B415-E19B3DE81035}.Release|Any CPU.Build.0 = Release|Any CPU
		{074BF927-0FDF-4361-8F98-66450B2B6CC3}.Debug|Any CPU.ActiveCfg = Debug|Any CPU
		{074BF927-0FDF-4361-8F98-66450B2B6CC3}.Debug|Any CPU.Build.0 = Debug|Any CPU
		{074BF927-0FDF-4361-8F98-66450B2B6CC3}.Release|Any CPU.ActiveCfg = Release|Any CPU
		{074BF927-0FDF-4361-8F98-66450B2B6CC3}.Release|Any CPU.Build.0 = Release|Any CPU
	EndGlobalSection
	GlobalSection(SolutionProperties) = preSolution
		HideSolutionNode = FALSE
	EndGlobalSection
	GlobalSection(NestedProjects) = preSolution
		{0538572C-E3A7-4F4D-B415-E19B3DE81035} = {346921EA-C724-4A46-8EC1-BBFFD568A5C7}
		{074BF927-0FDF-4361-8F98-66450B2B6CC3} = {346921EA-C724-4A46-8EC1-BBFFD568A5C7}
	EndGlobalSection
	GlobalSection(ExtensibilityGlobals) = postSolution
		SolutionGuid = {44A1EBB2-158B-46C5-AD13-0B55C0D851CE}
	EndGlobalSection
EndGlobal
