
Microsoft Visual Studio Solution File, Format Version 12.00
# Visual Studio Version 16
VisualStudioVersion = 16.0.31424.327
MinimumVisualStudioVersion = 10.0.40219.1
Project("{FAE04EC0-301F-11D3-BF4B-00C04F79EFBC}") = "learn.az.redis.cache.lib", "learn.az.redis.cache.lib\learn.az.redis.cache.lib.csproj", "{0538572C-E3A7-4F4D-B415-E19B3DE81035}"
EndProject
Project("{FAE04EC0-301F-11D3-BF4B-00C04F79EFBC}") = "learn.az.redis.cache.console", "learn.az.redis.cache.console\learn.az.redis.cache.console.csproj", "{BF995CEA-5A0F-4A75-88E2-A105B2CBE995}"
EndProject
Global
	GlobalSection(SolutionConfigurationPlatforms) = preSolution
		Debug|Any CPU = Debug|Any CPU
		Release|Any CPU = Release|Any CPU
	EndGlobalSection
	GlobalSection(ProjectConfigurationPlatforms) = postSolution
		{0538572C-E3A7-4F4D-B415-E19B3DE81035}.Debug|Any CPU.ActiveCfg = Debug|Any CPU
		{0538572C-E3A7-4F4D-B415-E19B3DE81035}.Debug|Any CPU.Build.0 = Debug|Any CPU
		{0538572C-E3A7-4F4D-B415-E19B3DE81035}.Release|Any CPU.ActiveCfg = Release|Any CPU
		{0538572C-E3A7-4F4D-B415-E19B3DE81035}.Release|Any CPU.Build.0 = Release|Any CPU
		{BF995CEA-5A0F-4A75-88E2-A105B2CBE995}.Debug|Any CPU.ActiveCfg = Debug|Any CPU
		{BF995CEA-5A0F-4A75-88E2-A105B2CBE995}.Debug|Any CPU.Build.0 = Debug|Any CPU
		{BF995CEA-5A0F-4A75-88E2-A105B2CBE995}.Release|Any CPU.ActiveCfg = Release|Any CPU
		{BF995CEA-5A0F-4A75-88E2-A105B2CBE995}.Release|Any CPU.Build.0 = Release|Any CPU
	EndGlobalSection
	GlobalSection(SolutionProperties) = preSolution
		HideSolutionNode = FALSE
	EndGlobalSection
	GlobalSection(ExtensibilityGlobals) = postSolution
		SolutionGuid = {44A1EBB2-158B-46C5-AD13-0B55C0D851CE}
	EndGlobalSection
EndGlobal
