
Microsoft Visual Studio Solution File, Format Version 12.00
# Visual Studio Version 17
VisualStudioVersion = 17.5.33530.505
MinimumVisualStudioVersion = 10.0.40219.1
Project("{2150E333-8FDC-42A3-9474-1A3956D46DE8}") = "redis.cache", "redis.cache", "{346921EA-C724-4A46-8EC1-BBFFD568A5C7}"
EndProject
Project("{9A19103F-16F7-4668-BE54-9A1E7A4F7556}") = "learn.az.redis.cache.api", "redis.cache\learn.az.redis.cache.api\learn.az.redis.cache.api.csproj", "{AF414FCE-28A1-456E-B949-36F596A06939}"
EndProject
Project("{9A19103F-16F7-4668-BE54-9A1E7A4F7556}") = "learn.az.redis.cache.lib", "redis.cache\learn.az.redis.cache.lib\learn.az.redis.cache.lib.csproj", "{EC4AD7E7-A80D-4A60-B522-7D5F4FE8E34B}"
EndProject
Project("{2150E333-8FDC-42A3-9474-1A3956D46DE8}") = "key.vault", "key.vault", "{16E20E83-963A-4675-831A-5552D9DFD741}"
EndProject
Project("{9A19103F-16F7-4668-BE54-9A1E7A4F7556}") = "learn.az.key.vault.demo.api", "key.vault\learn.az.key.vault.demo.api\learn.az.key.vault.demo.api.csproj", "{B43478A3-2638-443B-9AE0-F72A71D92CE0}"
EndProject
Project("{2150E333-8FDC-42A3-9474-1A3956D46DE8}") = "service-bus", "service-bus", "{D54699C2-F81F-425F-8F8B-6B01DE64CB55}"
EndProject
Project("{FAE04EC0-301F-11D3-BF4B-00C04F79EFBC}") = "learn.azure.servicebus.sender", "service-bus\learn.azure.servicebus.sender\learn.azure.servicebus.sender.csproj", "{F4507FDB-0317-4BD3-AFC2-67008D3F9D1F}"
EndProject
Project("{FAE04EC0-301F-11D3-BF4B-00C04F79EFBC}") = "learn.azure.servicebus.reciever", "service-bus\learn.azure.servicebus.reciever\learn.azure.servicebus.reciever.csproj", "{19C6B8C7-19DD-41DB-A341-5B8D6C4B0570}"
EndProject
Global
	GlobalSection(SolutionConfigurationPlatforms) = preSolution
		Debug|Any CPU = Debug|Any CPU
		Release|Any CPU = Release|Any CPU
	EndGlobalSection
	GlobalSection(ProjectConfigurationPlatforms) = postSolution
		{AF414FCE-28A1-456E-B949-36F596A06939}.Debug|Any CPU.ActiveCfg = Debug|Any CPU
		{AF414FCE-28A1-456E-B949-36F596A06939}.Debug|Any CPU.Build.0 = Debug|Any CPU
		{AF414FCE-28A1-456E-B949-36F596A06939}.Release|Any CPU.ActiveCfg = Release|Any CPU
		{AF414FCE-28A1-456E-B949-36F596A06939}.Release|Any CPU.Build.0 = Release|Any CPU
		{EC4AD7E7-A80D-4A60-B522-7D5F4FE8E34B}.Debug|Any CPU.ActiveCfg = Debug|Any CPU
		{EC4AD7E7-A80D-4A60-B522-7D5F4FE8E34B}.Debug|Any CPU.Build.0 = Debug|Any CPU
		{EC4AD7E7-A80D-4A60-B522-7D5F4FE8E34B}.Release|Any CPU.ActiveCfg = Release|Any CPU
		{EC4AD7E7-A80D-4A60-B522-7D5F4FE8E34B}.Release|Any CPU.Build.0 = Release|Any CPU
		{B43478A3-2638-443B-9AE0-F72A71D92CE0}.Debug|Any CPU.ActiveCfg = Debug|Any CPU
		{B43478A3-2638-443B-9AE0-F72A71D92CE0}.Debug|Any CPU.Build.0 = Debug|Any CPU
		{B43478A3-2638-443B-9AE0-F72A71D92CE0}.Release|Any CPU.ActiveCfg = Release|Any CPU
		{B43478A3-2638-443B-9AE0-F72A71D92CE0}.Release|Any CPU.Build.0 = Release|Any CPU
		{F4507FDB-0317-4BD3-AFC2-67008D3F9D1F}.Debug|Any CPU.ActiveCfg = Debug|Any CPU
		{F4507FDB-0317-4BD3-AFC2-67008D3F9D1F}.Debug|Any CPU.Build.0 = Debug|Any CPU
		{F4507FDB-0317-4BD3-AFC2-67008D3F9D1F}.Release|Any CPU.ActiveCfg = Release|Any CPU
		{F4507FDB-0317-4BD3-AFC2-67008D3F9D1F}.Release|Any CPU.Build.0 = Release|Any CPU
		{19C6B8C7-19DD-41DB-A341-5B8D6C4B0570}.Debug|Any CPU.ActiveCfg = Debug|Any CPU
		{19C6B8C7-19DD-41DB-A341-5B8D6C4B0570}.Debug|Any CPU.Build.0 = Debug|Any CPU
		{19C6B8C7-19DD-41DB-A341-5B8D6C4B0570}.Release|Any CPU.ActiveCfg = Release|Any CPU
		{19C6B8C7-19DD-41DB-A341-5B8D6C4B0570}.Release|Any CPU.Build.0 = Release|Any CPU
	EndGlobalSection
	GlobalSection(SolutionProperties) = preSolution
		HideSolutionNode = FALSE
	EndGlobalSection
	GlobalSection(NestedProjects) = preSolution
		{AF414FCE-28A1-456E-B949-36F596A06939} = {346921EA-C724-4A46-8EC1-BBFFD568A5C7}
		{EC4AD7E7-A80D-4A60-B522-7D5F4FE8E34B} = {346921EA-C724-4A46-8EC1-BBFFD568A5C7}
		{B43478A3-2638-443B-9AE0-F72A71D92CE0} = {16E20E83-963A-4675-831A-5552D9DFD741}
		{F4507FDB-0317-4BD3-AFC2-67008D3F9D1F} = {D54699C2-F81F-425F-8F8B-6B01DE64CB55}
		{19C6B8C7-19DD-41DB-A341-5B8D6C4B0570} = {D54699C2-F81F-425F-8F8B-6B01DE64CB55}
	EndGlobalSection
	GlobalSection(ExtensibilityGlobals) = postSolution
		SolutionGuid = {44A1EBB2-158B-46C5-AD13-0B55C0D851CE}
	EndGlobalSection
EndGlobal
